// !$*UTF8*$!
{
	archiveVersion = 1;
	classes = {
	};
	objectVersion = 50;
	objects = {

/* Begin PBXBuildFile section */
		0DC07B5A21FAC3D200841A7B /* main.m in Sources */ = {isa = PBXBuildFile; fileRef = 0DC07B5921FAC3D200841A7B /* main.m */; };
		0DC07B6221FAC3E400841A7B /* Human.m in Sources */ = {isa = PBXBuildFile; fileRef = 0DC07B6121FAC3E400841A7B /* Human.m */; };
		0DC07B6521FAC42E00841A7B /* Student.m in Sources */ = {isa = PBXBuildFile; fileRef = 0DC07B6421FAC42E00841A7B /* Student.m */; };
		0DC07B6821FAC45A00841A7B /* Book.m in Sources */ = {isa = PBXBuildFile; fileRef = 0DC07B6721FAC45A00841A7B /* Book.m */; };
		0DC07B6C21FAC98400841A7B /* Date.m in Sources */ = {isa = PBXBuildFile; fileRef = 0DC07B6B21FAC98400841A7B /* Date.m */; };
		0DC07B8C21FAF2AE00841A7B /* Author.m in Sources */ = {isa = PBXBuildFile; fileRef = 0DC07B8B21FAF2AE00841A7B /* Author.m */; };
/* End PBXBuildFile section */

/* Begin PBXCopyFilesBuildPhase section */
		0DC07B5421FAC3D200841A7B /* CopyFiles */ = {
			isa = PBXCopyFilesBuildPhase;
			buildActionMask = 2147483647;
			dstPath = /usr/share/man/man1/;
			dstSubfolderSpec = 0;
			files = (
			);
			runOnlyForDeploymentPostprocessing = 1;
		};
/* End PBXCopyFilesBuildPhase section */

/* Begin PBXFileReference section */
		0DC07B5621FAC3D200841A7B /* Practise02 */ = {isa = PBXFileReference; explicitFileType = "compiled.mach-o.executable"; includeInIndex = 0; path = Practise02; sourceTree = BUILT_PRODUCTS_DIR; };
		0DC07B5921FAC3D200841A7B /* main.m */ = {isa = PBXFileReference; lastKnownFileType = sourcecode.c.objc; path = main.m; sourceTree = "<group>"; };
		0DC07B6021FAC3E400841A7B /* Human.h */ = {isa = PBXFileReference; lastKnownFileType = sourcecode.c.h; path = Human.h; sourceTree = "<group>"; };
		0DC07B6121FAC3E400841A7B /* Human.m */ = {isa = PBXFileReference; lastKnownFileType = sourcecode.c.objc; path = Human.m; sourceTree = "<group>"; };
		0DC07B6321FAC42E00841A7B /* Student.h */ = {isa = PBXFileReference; lastKnownFileType = sourcecode.c.h; path = Student.h; sourceTree = "<group>"; };
		0DC07B6421FAC42E00841A7B /* Student.m */ = {isa = PBXFileReference; lastKnownFileType = sourcecode.c.objc; path = Student.m; sourceTree = "<group>"; };
		0DC07B6621FAC45A00841A7B /* Book.h */ = {isa = PBXFileReference; lastKnownFileType = sourcecode.c.h; path = Book.h; sourceTree = "<group>"; };
		0DC07B6721FAC45A00841A7B /* Book.m */ = {isa = PBXFileReference; lastKnownFileType = sourcecode.c.objc; path = Book.m; sourceTree = "<group>"; };
		0DC07B6921FAC8C000841A7B /* Gender.h */ = {isa = PBXFileReference; lastKnownFileType = sourcecode.c.h; path = Gender.h; sourceTree = "<group>"; };
		0DC07B6A21FAC98400841A7B /* Date.h */ = {isa = PBXFileReference; lastKnownFileType = sourcecode.c.h; path = Date.h; sourceTree = "<group>"; };
		0DC07B6B21FAC98400841A7B /* Date.m */ = {isa = PBXFileReference; lastKnownFileType = sourcecode.c.objc; path = Date.m; sourceTree = "<group>"; };
		0DC07B8A21FAF2AE00841A7B /* Author.h */ = {isa = PBXFileReference; lastKnownFileType = sourcecode.c.h; path = Author.h; sourceTree = "<group>"; };
		0DC07B8B21FAF2AE00841A7B /* Author.m */ = {isa = PBXFileReference; lastKnownFileType = sourcecode.c.objc; path = Author.m; sourceTree = "<group>"; };
/* End PBXFileReference section */

/* Begin PBXFrameworksBuildPhase section */
		0DC07B5321FAC3D200841A7B /* Frameworks */ = {
			isa = PBXFrameworksBuildPhase;
			buildActionMask = 2147483647;
			files = (
			);
			runOnlyForDeploymentPostprocessing = 0;
		};
/* End PBXFrameworksBuildPhase section */

/* Begin PBXGroup section */
		0DC07B4D21FAC3D200841A7B = {
			isa = PBXGroup;
			children = (
				0DC07B5821FAC3D200841A7B /* Practise02 */,
				0DC07B5721FAC3D200841A7B /* Products */,
			);
			sourceTree = "<group>";
		};
		0DC07B5721FAC3D200841A7B /* Products */ = {
			isa = PBXGroup;
			children = (
				0DC07B5621FAC3D200841A7B /* Practise02 */,
			);
			name = Products;
			sourceTree = "<group>";
		};
		0DC07B5821FAC3D200841A7B /* Practise02 */ = {
			isa = PBXGroup;
			children = (
				0DC07B5921FAC3D200841A7B /* main.m */,
				0DC07B6021FAC3E400841A7B /* Human.h */,
				0DC07B6121FAC3E400841A7B /* Human.m */,
				0DC07B6321FAC42E00841A7B /* Student.h */,
				0DC07B6421FAC42E00841A7B /* Student.m */,
				0DC07B6621FAC45A00841A7B /* Book.h */,
				0DC07B6721FAC45A00841A7B /* Book.m */,
				0DC07B6921FAC8C000841A7B /* Gender.h */,
				0DC07B6A21FAC98400841A7B /* Date.h */,
				0DC07B6B21FAC98400841A7B /* Date.m */,
				0DC07B8A21FAF2AE00841A7B /* Author.h */,
				0DC07B8B21FAF2AE00841A7B /* Author.m */,
			);
			path = Practise02;
			sourceTree = "<group>";
		};
/* End PBXGroup section */

/* Begin PBXNativeTarget section */
		0DC07B5521FAC3D200841A7B /* Practise02 */ = {
			isa = PBXNativeTarget;
			buildConfigurationList = 0DC07B5D21FAC3D200841A7B /* Build configuration list for PBXNativeTarget "Practise02" */;
			buildPhases = (
				0DC07B5221FAC3D200841A7B /* Sources */,
				0DC07B5321FAC3D200841A7B /* Frameworks */,
				0DC07B5421FAC3D200841A7B /* CopyFiles */,
			);
			buildRules = (
			);
			dependencies = (
			);
			name = Practise02;
			productName = Practise02;
			productReference = 0DC07B5621FAC3D200841A7B /* Practise02 */;
			productType = "com.apple.product-type.tool";
		};
/* End PBXNativeTarget section */

/* Begin PBXProject section */
		0DC07B4E21FAC3D200841A7B /* Project object */ = {
			isa = PBXProject;
			attributes = {
				LastUpgradeCheck = 1010;
				ORGANIZATIONNAME = "Stephen Cao";
				TargetAttributes = {
					0DC07B5521FAC3D200841A7B = {
						CreatedOnToolsVersion = 10.1;
					};
				};
			};
			buildConfigurationList = 0DC07B5121FAC3D200841A7B /* Build configuration list for PBXProject "Practise02" */;
			compatibilityVersion = "Xcode 9.3";
			developmentRegion = en;
			hasScannedForEncodings = 0;
			knownRegions = (
				en,
			);
			mainGroup = 0DC07B4D21FAC3D200841A7B;
			productRefGroup = 0DC07B5721FAC3D200841A7B /* Products */;
			projectDirPath = "";
			projectRoot = "";
			targets = (
				0DC07B5521FAC3D200841A7B /* Practise02 */,
			);
		};
/* End PBXProject section */

/* Begin PBXSourcesBuildPhase section */
		0DC07B5221FAC3D200841A7B /* Sources */ = {
			isa = PBXSourcesBuildPhase;
			buildActionMask = 2147483647;
			files = (
				0DC07B6C21FAC98400841A7B /* Date.m in Sources */,
				0DC07B6821FAC45A00841A7B /* Book.m in Sources */,
				0DC07B8C21FAF2AE00841A7B /* Author.m in Sources */,
				0DC07B5A21FAC3D200841A7B /* main.m in Sources */,
				0DC07B6221FAC3E400841A7B /* Human.m in Sources */,
				0DC07B6521FAC42E00841A7B /* Student.m in Sources */,
			);
			runOnlyForDeploymentPostprocessing = 0;
		};
/* End PBXSourcesBuildPhase section */

/* Begin XCBuildConfiguration section */
		0DC07B5B21FAC3D200841A7B /* Debug */ = {
			isa = XCBuildConfiguration;
			buildSettings = {
				ALWAYS_SEARCH_USER_PATHS = NO;
				CLANG_ANALYZER_NONNULL = YES;
				CLANG_ANALYZER_NUMBER_OBJECT_CONVERSION = YES_AGGRESSIVE;
				CLANG_CXX_LANGUAGE_STANDARD = "gnu++14";
				CLANG_CXX_LIBRARY = "libc++";
				CLANG_ENABLE_MODULES = YES;
				CLANG_ENABLE_OBJC_ARC = YES;
				CLANG_ENABLE_OBJC_WEAK = YES;
				CLANG_WARN_BLOCK_CAPTURE_AUTORELEASING = YES;
				CLANG_WARN_BOOL_CONVERSION = YES;
				CLANG_WARN_COMMA = YES;
				CLANG_WARN_CONSTANT_CONVERSION = YES;
				CLANG_WARN_DEPRECATED_OBJC_IMPLEMENTATIONS = YES;
				CLANG_WARN_DIRECT_OBJC_ISA_USAGE = YES_ERROR;
				CLANG_WARN_DOCUMENTATION_COMMENTS = YES;
				CLANG_WARN_EMPTY_BODY = YES;
				CLANG_WARN_ENUM_CONVERSION = YES;
				CLANG_WARN_INFINITE_RECURSION = YES;
				CLANG_WARN_INT_CONVERSION = YES;
				CLANG_WARN_NON_LITERAL_NULL_CONVERSION = YES;
				CLANG_WARN_OBJC_IMPLICIT_RETAIN_SELF = YES;
				CLANG_WARN_OBJC_LITERAL_CONVERSION = YES;
				CLANG_WARN_OBJC_ROOT_CLASS = YES_ERROR;
				CLANG_WARN_RANGE_LOOP_ANALYSIS = YES;
				CLANG_WARN_STRICT_PROTOTYPES = YES;
				CLANG_WARN_SUSPICIOUS_MOVE = YES;
				CLANG_WARN_UNGUARDED_AVAILABILITY = YES_AGGRESSIVE;
				CLANG_WARN_UNREACHABLE_CODE = YES;
				CLANG_WARN__DUPLICATE_METHOD_MATCH = YES;
				CODE_SIGN_IDENTITY = "-";
				COPY_PHASE_STRIP = NO;
				DEBUG_INFORMATION_FORMAT = dwarf;
				ENABLE_STRICT_OBJC_MSGSEND = YES;
				ENABLE_TESTABILITY = YES;
				GCC_C_LANGUAGE_STANDARD = gnu11;
				GCC_DYNAMIC_NO_PIC = NO;
				GCC_NO_COMMON_BLOCKS = YES;
				GCC_OPTIMIZATION_LEVEL = 0;
				GCC_PREPROCESSOR_DEFINITIONS = (
					"DEBUG=1",
					"$(inherited)",
				);
				GCC_WARN_64_TO_32_BIT_CONVERSION = YES;
				GCC_WARN_ABOUT_RETURN_TYPE = YES_ERROR;
				GCC_WARN_UNDECLARED_SELECTOR = YES;
				GCC_WARN_UNINITIALIZED_AUTOS = YES_AGGRESSIVE;
				GCC_WARN_UNUSED_FUNCTION = YES;
				GCC_WARN_UNUSED_VARIABLE = YES;
				MACOSX_DEPLOYMENT_TARGET = 10.14;
				MTL_ENABLE_DEBUG_INFO = INCLUDE_SOURCE;
				MTL_FAST_MATH = YES;
				ONLY_ACTIVE_ARCH = YES;
				SDKROOT = macosx;
			};
			name = Debug;
		};
		0DC07B5C21FAC3D200841A7B /* Release */ = {
			isa = XCBuildConfiguration;
			buildSettings = {
				ALWAYS_SEARCH_USER_PATHS = NO;
				CLANG_ANALYZER_NONNULL = YES;
				CLANG_ANALYZER_NUMBER_OBJECT_CONVERSION = YES_AGGRESSIVE;
				CLANG_CXX_LANGUAGE_STANDARD = "gnu++14";
				CLANG_CXX_LIBRARY = "libc++";
				CLANG_ENABLE_MODULES = YES;
				CLANG_ENABLE_OBJC_ARC = YES;
				CLANG_ENABLE_OBJC_WEAK = YES;
				CLANG_WARN_BLOCK_CAPTURE_AUTORELEASING = YES;
				CLANG_WARN_BOOL_CONVERSION = YES;
				CLANG_WARN_COMMA = YES;
				CLANG_WARN_CONSTANT_CONVERSION = YES;
				CLANG_WARN_DEPRECATED_OBJC_IMPLEMENTATIONS = YES;
				CLANG_WARN_DIRECT_OBJC_ISA_USAGE = YES_ERROR;
				CLANG_WARN_DOCUMENTATION_COMMENTS = YES;
				CLANG_WARN_EMPTY_BODY = YES;
				CLANG_WARN_ENUM_CONVERSION = YES;
				CLANG_WARN_INFINITE_RECURSION = YES;
				CLANG_WARN_INT_CONVERSION = YES;
				CLANG_WARN_NON_LITERAL_NULL_CONVERSION = YES;
				CLANG_WARN_OBJC_IMPLICIT_RETAIN_SELF = YES;
				CLANG_WARN_OBJC_LITERAL_CONVERSION = YES;
				CLANG_WARN_OBJC_ROOT_CLASS = YES_ERROR;
				CLANG_WARN_RANGE_LOOP_ANALYSIS = YES;
				CLANG_WARN_STRICT_PROTOTYPES = YES;
				CLANG_WARN_SUSPICIOUS_MOVE = YES;
				CLANG_WARN_UNGUARDED_AVAILABILITY = YES_AGGRESSIVE;
				CLANG_WARN_UNREACHABLE_CODE = YES;
				CLANG_WARN__DUPLICATE_METHOD_MATCH = YES;
				CODE_SIGN_IDENTITY = "-";
				COPY_PHASE_STRIP = NO;
				DEBUG_INFORMATION_FORMAT = "dwarf-with-dsym";
				ENABLE_NS_ASSERTIONS = NO;
				ENABLE_STRICT_OBJC_MSGSEND = YES;
				GCC_C_LANGUAGE_STANDARD = gnu11;
				GCC_NO_COMMON_BLOCKS = YES;
				GCC_WARN_64_TO_32_BIT_CONVERSION = YES;
				GCC_WARN_ABOUT_RETURN_TYPE = YES_ERROR;
				GCC_WARN_UNDECLARED_SELECTOR = YES;
				GCC_WARN_UNINITIALIZED_AUTOS = YES_AGGRESSIVE;
				GCC_WARN_UNUSED_FUNCTION = YES;
				GCC_WARN_UNUSED_VARIABLE = YES;
				MACOSX_DEPLOYMENT_TARGET = 10.14;
				MTL_ENABLE_DEBUG_INFO = NO;
				MTL_FAST_MATH = YES;
				SDKROOT = macosx;
			};
			name = Release;
		};
		0DC07B5E21FAC3D200841A7B /* Debug */ = {
			isa = XCBuildConfiguration;
			buildSettings = {
				CODE_SIGN_STYLE = Automatic;
				PRODUCT_NAME = "$(TARGET_NAME)";
			};
			name = Debug;
		};
		0DC07B5F21FAC3D200841A7B /* Release */ = {
			isa = XCBuildConfiguration;
			buildSettings = {
				CODE_SIGN_STYLE = Automatic;
				PRODUCT_NAME = "$(TARGET_NAME)";
			};
			name = Release;
		};
/* End XCBuildConfiguration section */

/* Begin XCConfigurationList section */
		0DC07B5121FAC3D200841A7B /* Build configuration list for PBXProject "Practise02" */ = {
			isa = XCConfigurationList;
			buildConfigurations = (
				0DC07B5B21FAC3D200841A7B /* Debug */,
				0DC07B5C21FAC3D200841A7B /* Release */,
			);
			defaultConfigurationIsVisible = 0;
			defaultConfigurationName = Release;
		};
		0DC07B5D21FAC3D200841A7B /* Build configuration list for PBXNativeTarget "Practise02" */ = {
			isa = XCConfigurationList;
			buildConfigurations = (
				0DC07B5E21FAC3D200841A7B /* Debug */,
				0DC07B5F21FAC3D200841A7B /* Release */,
			);
			defaultConfigurationIsVisible = 0;
			defaultConfigurationName = Release;
		};
/* End XCConfigurationList section */
	};
	rootObject = 0DC07B4E21FAC3D200841A7B /* Project object */;
}
